
Microsoft Visual Studio Solution File, Format Version 12.00
Project("{FAE04EC0-301F-11D3-BF4B-00C04F79EFBC}") = "Amnesia", "Amnesia.csproj", "{F2D68347-8835-4680-90CA-EE6AFBA5D999}"
EndProject
Global
	GlobalSection(SolutionConfigurationPlatforms) = preSolution
		Debug|Any CPU = Debug|Any CPU
		Release|Any CPU = Release|Any CPU
	EndGlobalSection
	GlobalSection(ProjectConfigurationPlatforms) = postSolution
		{F2D68347-8835-4680-90CA-EE6AFBA5D999}.Debug|Any CPU.ActiveCfg = Debug|Any CPU
		{F2D68347-8835-4680-90CA-EE6AFBA5D999}.Debug|Any CPU.Build.0 = Debug|Any CPU
		{F2D68347-8835-4680-90CA-EE6AFBA5D999}.Release|Any CPU.ActiveCfg = Release|Any CPU
		{F2D68347-8835-4680-90CA-EE6AFBA5D999}.Release|Any CPU.Build.0 = Release|Any CPU
	EndGlobalSection
EndGlobal
